
Microsoft Visual Studio Solution File, Format Version 12.00
# Visual Studio Version 17
VisualStudioVersion = 17.0.31903.59
MinimumVisualStudioVersion = 10.0.40219.1
Project("{FAE04EC0-301F-11D3-BF4B-00C04F79EFBC}") = "VittorioApiT2M", "VittorioApi\VittorioApiT2M.csproj", "{EFA78EF9-576C-4D32-977B-1CF6F60D2845}"
EndProject
Project("{FAE04EC0-301F-11D3-BF4B-00C04F79EFBC}") = "VittorioApi_Test", "VittorioApi_Test\VittorioApi_Test.csproj", "{956CB6EC-6711-4C0B-8522-DA4F82270C01}"
EndProject
Global
	GlobalSection(SolutionConfigurationPlatforms) = preSolution
		Debug|Any CPU = Debug|Any CPU
		Release|Any CPU = Release|Any CPU
	EndGlobalSection
	GlobalSection(SolutionProperties) = preSolution
		HideSolutionNode = FALSE
	EndGlobalSection
	GlobalSection(ProjectConfigurationPlatforms) = postSolution
		{EFA78EF9-576C-4D32-977B-1CF6F60D2845}.Debug|Any CPU.ActiveCfg = Debug|Any CPU
		{EFA78EF9-576C-4D32-977B-1CF6F60D2845}.Debug|Any CPU.Build.0 = Debug|Any CPU
		{EFA78EF9-576C-4D32-977B-1CF6F60D2845}.Release|Any CPU.ActiveCfg = Release|Any CPU
		{EFA78EF9-576C-4D32-977B-1CF6F60D2845}.Release|Any CPU.Build.0 = Release|Any CPU
		{956CB6EC-6711-4C0B-8522-DA4F82270C01}.Debug|Any CPU.ActiveCfg = Debug|Any CPU
		{956CB6EC-6711-4C0B-8522-DA4F82270C01}.Debug|Any CPU.Build.0 = Debug|Any CPU
		{956CB6EC-6711-4C0B-8522-DA4F82270C01}.Release|Any CPU.ActiveCfg = Release|Any CPU
		{956CB6EC-6711-4C0B-8522-DA4F82270C01}.Release|Any CPU.Build.0 = Release|Any CPU
	EndGlobalSection
EndGlobal
